
Microsoft Visual Studio Solution File, Format Version 12.00
# Visual Studio Version 17
VisualStudioVersion = 17.8.34330.188
MinimumVisualStudioVersion = 10.0.40219.1
Project("{FAE04EC0-301F-11D3-BF4B-00C04F79EFBC}") = "ConsoleApp1", "ConsoleApp1\ConsoleApp1.csproj", "{68E97FCD-5D59-43E2-B980-B366EE043A52}"
EndProject
Global
	GlobalSection(SolutionConfigurationPlatforms) = preSolution
		Debug|Any CPU = Debug|Any CPU
		Release|Any CPU = Release|Any CPU
	EndGlobalSection
	GlobalSection(ProjectConfigurationPlatforms) = postSolution
		{68E97FCD-5D59-43E2-B980-B366EE043A52}.Debug|Any CPU.ActiveCfg = Debug|Any CPU
		{68E97FCD-5D59-43E2-B980-B366EE043A52}.Debug|Any CPU.Build.0 = Debug|Any CPU
		{68E97FCD-5D59-43E2-B980-B366EE043A52}.Release|Any CPU.ActiveCfg = Release|Any CPU
		{68E97FCD-5D59-43E2-B980-B366EE043A52}.Release|Any CPU.Build.0 = Release|Any CPU
	EndGlobalSection
	GlobalSection(SolutionProperties) = preSolution
		HideSolutionNode = FALSE
	EndGlobalSection
	GlobalSection(ExtensibilityGlobals) = postSolution
		SolutionGuid = {3B972B7F-F679-4DE5-A76F-A22B8318C57C}
	EndGlobalSection
EndGlobal
