
Microsoft Visual Studio Solution File, Format Version 12.00
# Visual Studio Version 17
VisualStudioVersion = 17.5.002.0
MinimumVisualStudioVersion = 10.0.40219.1
Project("{9A19103F-16F7-4668-BE54-9A1E7A4F7556}") = "ManageQA", "ManageQA.csproj", "{0F211AA3-032C-45E3-AFAE-71DBA237B4FC}"
EndProject
Project("{FAE04EC0-301F-11D3-BF4B-00C04F79EFBC}") = "DoctorPatienManager", "..\DoctorPatienManager\DoctorPatienManager.csproj", "{6AEA3A5A-73B9-4CA6-97AA-C01FEBC384CC}"
EndProject
Global
	GlobalSection(SolutionConfigurationPlatforms) = preSolution
		Debug|Any CPU = Debug|Any CPU
		Release|Any CPU = Release|Any CPU
	EndGlobalSection
	GlobalSection(ProjectConfigurationPlatforms) = postSolution
		{0F211AA3-032C-45E3-AFAE-71DBA237B4FC}.Debug|Any CPU.ActiveCfg = Debug|Any CPU
		{0F211AA3-032C-45E3-AFAE-71DBA237B4FC}.Debug|Any CPU.Build.0 = Debug|Any CPU
		{0F211AA3-032C-45E3-AFAE-71DBA237B4FC}.Release|Any CPU.ActiveCfg = Release|Any CPU
		{0F211AA3-032C-45E3-AFAE-71DBA237B4FC}.Release|Any CPU.Build.0 = Release|Any CPU
		{6AEA3A5A-73B9-4CA6-97AA-C01FEBC384CC}.Debug|Any CPU.ActiveCfg = Debug|Any CPU
		{6AEA3A5A-73B9-4CA6-97AA-C01FEBC384CC}.Debug|Any CPU.Build.0 = Debug|Any CPU
		{6AEA3A5A-73B9-4CA6-97AA-C01FEBC384CC}.Release|Any CPU.ActiveCfg = Release|Any CPU
		{6AEA3A5A-73B9-4CA6-97AA-C01FEBC384CC}.Release|Any CPU.Build.0 = Release|Any CPU
	EndGlobalSection
	GlobalSection(SolutionProperties) = preSolution
		HideSolutionNode = FALSE
	EndGlobalSection
	GlobalSection(ExtensibilityGlobals) = postSolution
		SolutionGuid = {13507073-924A-4F6D-A745-065CE1B30F98}
	EndGlobalSection
EndGlobal
